
Microsoft Visual Studio Solution File, Format Version 12.00
# Visual Studio Version 16
VisualStudioVersion = 16.0.33927.289
MinimumVisualStudioVersion = 10.0.40219.1
Project("{2150E333-8FDC-42A3-9474-1A3956D46DE8}") = "Task0", "Task0", "{6693235B-20BB-4164-9A79-67A566A14DCA}"
EndProject
Project("{FAE04EC0-301F-11D3-BF4B-00C04F79EFBC}") = "Tyuiu.TolmachevVV.Sprint3.Task0.V1", "Tyuiu.TolmachevVV.Sprint3.Task0.V1\Tyuiu.TolmachevVV.Sprint3.Task0.V1.csproj", "{796A32DD-E49B-4B2A-B4DF-02DAB5A04442}"
EndProject
Project("{FAE04EC0-301F-11D3-BF4B-00C04F79EFBC}") = "Tyuiu.TolmachevVV.Sprint3.Task0.V1.Lib", "Tyuiu.TolmachevVV.Sprint3.Task0.V1.Lib\Tyuiu.TolmachevVV.Sprint3.Task0.V1.Lib.csproj", "{3D246565-5C99-48C4-8768-DB8B2396D3D1}"
EndProject
Project("{FAE04EC0-301F-11D3-BF4B-00C04F79EFBC}") = "Tyuiu.TolmachevVV.Sprint3.Task0.V1.Test", "Tyuiu.TolmachevVV.Sprint3.Task0.V1.Test\Tyuiu.TolmachevVV.Sprint3.Task0.V1.Test.csproj", "{A9666437-6851-4C7D-8A50-CB5603DBCA30}"
EndProject
Project("{2150E333-8FDC-42A3-9474-1A3956D46DE8}") = "Task1", "Task1", "{FB415281-2739-4F95-91F9-AC1258A0D03F}"
EndProject
Project("{FAE04EC0-301F-11D3-BF4B-00C04F79EFBC}") = "Tyuiu.TolmachevVV.Sprint3.Task1.V11", "Tyuiu.TolmachevVV.Sprint3.Task1.V11\Tyuiu.TolmachevVV.Sprint3.Task1.V11.csproj", "{FDD75D8D-557A-40EF-A3EC-90B3BDFFD1EA}"
EndProject
Project("{FAE04EC0-301F-11D3-BF4B-00C04F79EFBC}") = "Tyuiu.TolmachevVV.Sprint3.Task1.V11.Lib", "Tyuiu.TolmachevVV.Sprint3.Task1.V11.Lib\Tyuiu.TolmachevVV.Sprint3.Task1.V11.Lib.csproj", "{7081C67F-D1DD-4B74-8342-0CE2818BE6DD}"
EndProject
Project("{FAE04EC0-301F-11D3-BF4B-00C04F79EFBC}") = "Tyuiu.TolmachevVV.Sprint3.Task1.V11.Test", "Tyuiu.TolmachevVV.Sprint3.Task1.V11.Test\Tyuiu.TolmachevVV.Sprint3.Task1.V11.Test.csproj", "{0195A765-9532-4053-BC3B-0312C2DA3B06}"
EndProject
Project("{2150E333-8FDC-42A3-9474-1A3956D46DE8}") = "Task2", "Task2", "{29B5D664-F832-47A9-8282-EC5A244D18FB}"
EndProject
Project("{FAE04EC0-301F-11D3-BF4B-00C04F79EFBC}") = "Tyuiu.TolmachevVV.Sprint3.Task2.V23", "Tyuiu.TolmachevVV.Sprint3.Task2.V23\Tyuiu.TolmachevVV.Sprint3.Task2.V23.csproj", "{98E6FAAF-C9FF-43A6-BE67-EB9E25B65BA3}"
EndProject
Project("{FAE04EC0-301F-11D3-BF4B-00C04F79EFBC}") = "Tyuiu.TolmachevVV.Sprint3.Task2.V23.Lib", "Tyuiu.TolmachevVV.Sprint3.Task2.V23.Lib\Tyuiu.TolmachevVV.Sprint3.Task2.V23.Lib.csproj", "{64994A7E-280B-4FD7-82D9-71434CB1EEA0}"
EndProject
Project("{FAE04EC0-301F-11D3-BF4B-00C04F79EFBC}") = "Tyuiu.TolmachevVV.Sprint3.Task2.V23.Test", "Tyuiu.TolmachevVV.Sprint3.Task2.V23.Test\Tyuiu.TolmachevVV.Sprint3.Task2.V23.Test.csproj", "{9993BB80-2201-474C-965A-F84051CE678D}"
EndProject
Project("{2150E333-8FDC-42A3-9474-1A3956D46DE8}") = "Task3", "Task3", "{86BAFE4E-0A11-43B7-A98B-7C669EC5D176}"
EndProject
Project("{FAE04EC0-301F-11D3-BF4B-00C04F79EFBC}") = "Tyuiu.TolmachevVV.Sprint3.Task3.V29", "Tyuiu.TolmachevVV.Sprint3.Task3.V29\Tyuiu.TolmachevVV.Sprint3.Task3.V29.csproj", "{95AB44BC-02B2-469B-BA05-BAE1656042BE}"
EndProject
Project("{FAE04EC0-301F-11D3-BF4B-00C04F79EFBC}") = "Tyuiu.TolmachevVV.Sprint3.Task3.V29.Lib", "Tyuiu.TolmachevVV.Sprint3.Task3.V29.Lib\Tyuiu.TolmachevVV.Sprint3.Task3.V29.Lib.csproj", "{533B346C-3211-4D37-90CB-4C9F55DD9B2E}"
EndProject
Project("{FAE04EC0-301F-11D3-BF4B-00C04F79EFBC}") = "Tyuiu.TolmachevVV.Sprint3.Task3.V29.Test", "Tyuiu.TolmachevVV.Sprint3.Task3.V29.Test\Tyuiu.TolmachevVV.Sprint3.Task3.V29.Test.csproj", "{9C3127DB-092C-4B15-A0CC-013C16A3D02D}"
EndProject
Project("{2150E333-8FDC-42A3-9474-1A3956D46DE8}") = "Task4", "Task4", "{DEF6B247-C5A0-49ED-9BE9-F1CFA24B576A}"
EndProject
Project("{FAE04EC0-301F-11D3-BF4B-00C04F79EFBC}") = "Tyuiu.TolmachevVV.Sprint3.Task4.V24", "Tyuiu.TolmachevVV.Sprint3.Task4.V24\Tyuiu.TolmachevVV.Sprint3.Task4.V24.csproj", "{42778063-003C-4CE7-A3F6-5160CC3DA2F9}"
EndProject
Project("{FAE04EC0-301F-11D3-BF4B-00C04F79EFBC}") = "Tyuiu.TolmachevVV.Sprint3.Task4.V24.Lib", "Tyuiu.TolmachevVV.Sprint3.Task4.V24.Lib\Tyuiu.TolmachevVV.Sprint3.Task4.V24.Lib.csproj", "{400C5DEC-D0D8-4CE1-B54F-57434D69D11E}"
EndProject
Project("{FAE04EC0-301F-11D3-BF4B-00C04F79EFBC}") = "Tyuiu.TolmachevVV.Sprint3.Task4.V24.Test", "Tyuiu.TolmachevVV.Sprint3.Task4.V24.Test\Tyuiu.TolmachevVV.Sprint3.Task4.V24.Test.csproj", "{A9E86051-8FDB-40A1-B3BE-219A05D38871}"
EndProject
Project("{2150E333-8FDC-42A3-9474-1A3956D46DE8}") = "Task5", "Task5", "{81E0E4B0-31C6-4AE6-B248-EC4CA043BACD}"
EndProject
Project("{FAE04EC0-301F-11D3-BF4B-00C04F79EFBC}") = "Tyuiu.TolmachevVV.Sprint3.Task5.V22", "Tyuiu.TolmachevVV.Sprint3.Task5.V22\Tyuiu.TolmachevVV.Sprint3.Task5.V22.csproj", "{AA38FB66-63C3-41AF-952C-5FF9A75498D6}"
EndProject
Project("{FAE04EC0-301F-11D3-BF4B-00C04F79EFBC}") = "Tyuiu.TolmachevVV.Sprint3.Task5.V22.Lib", "Tyuiu.TolmachevVV.Sprint3.Task5.V22.Lib\Tyuiu.TolmachevVV.Sprint3.Task5.V22.Lib.csproj", "{AB08D119-6BE0-4134-95B9-5F8853B5A56D}"
EndProject
Project("{FAE04EC0-301F-11D3-BF4B-00C04F79EFBC}") = "Tyuiu.TolmachevVV.Sprint3.Task5.V22.Test", "Tyuiu.TolmachevVV.Sprint3.Task5.V22.Test\Tyuiu.TolmachevVV.Sprint3.Task5.V22.Test.csproj", "{6DC61777-77A8-4404-9747-699D8795F1C2}"
EndProject
Project("{2150E333-8FDC-42A3-9474-1A3956D46DE8}") = "Task6", "Task6", "{A1CE7262-00A3-4EAC-9E79-674EB4547220}"
EndProject
Project("{FAE04EC0-301F-11D3-BF4B-00C04F79EFBC}") = "Tyuiu.TolmachevVV.Sprint3.Task6.V26", "Tyuiu.TolmachevVV.Sprint3.Task6.V26\Tyuiu.TolmachevVV.Sprint3.Task6.V26.csproj", "{8735BA0D-1F03-4E15-9EA1-F1AC261C939B}"
EndProject
Project("{FAE04EC0-301F-11D3-BF4B-00C04F79EFBC}") = "Tyuiu.TolmachevVV.Sprint3.Task6.V26.Lib", "Tyuiu.TolmachevVV.Sprint3.Task6.V26.Lib\Tyuiu.TolmachevVV.Sprint3.Task6.V26.Lib.csproj", "{60550A8D-CDBA-498F-AD6D-E9EB97793344}"
EndProject
Project("{FAE04EC0-301F-11D3-BF4B-00C04F79EFBC}") = "Tyuiu.TolmachevVV.Sprint3.Task6.V26.Test", "Tyuiu.TolmachevVV.Sprint3.Task6.V26.Test\Tyuiu.TolmachevVV.Sprint3.Task6.V26.Test.csproj", "{4CE59707-0F5A-4053-9632-FDE14130F820}"
EndProject
Global
	GlobalSection(SolutionConfigurationPlatforms) = preSolution
		Debug|Any CPU = Debug|Any CPU
		Release|Any CPU = Release|Any CPU
	EndGlobalSection
	GlobalSection(ProjectConfigurationPlatforms) = postSolution
		{796A32DD-E49B-4B2A-B4DF-02DAB5A04442}.Debug|Any CPU.ActiveCfg = Debug|Any CPU
		{796A32DD-E49B-4B2A-B4DF-02DAB5A04442}.Debug|Any CPU.Build.0 = Debug|Any CPU
		{796A32DD-E49B-4B2A-B4DF-02DAB5A04442}.Release|Any CPU.ActiveCfg = Release|Any CPU
		{796A32DD-E49B-4B2A-B4DF-02DAB5A04442}.Release|Any CPU.Build.0 = Release|Any CPU
		{3D246565-5C99-48C4-8768-DB8B2396D3D1}.Debug|Any CPU.ActiveCfg = Debug|Any CPU
		{3D246565-5C99-48C4-8768-DB8B2396D3D1}.Debug|Any CPU.Build.0 = Debug|Any CPU
		{3D246565-5C99-48C4-8768-DB8B2396D3D1}.Release|Any CPU.ActiveCfg = Release|Any CPU
		{3D246565-5C99-48C4-8768-DB8B2396D3D1}.Release|Any CPU.Build.0 = Release|Any CPU
		{A9666437-6851-4C7D-8A50-CB5603DBCA30}.Debug|Any CPU.ActiveCfg = Debug|Any CPU
		{A9666437-6851-4C7D-8A50-CB5603DBCA30}.Debug|Any CPU.Build.0 = Debug|Any CPU
		{A9666437-6851-4C7D-8A50-CB5603DBCA30}.Release|Any CPU.ActiveCfg = Release|Any CPU
		{A9666437-6851-4C7D-8A50-CB5603DBCA30}.Release|Any CPU.Build.0 = Release|Any CPU
		{FDD75D8D-557A-40EF-A3EC-90B3BDFFD1EA}.Debug|Any CPU.ActiveCfg = Debug|Any CPU
		{FDD75D8D-557A-40EF-A3EC-90B3BDFFD1EA}.Debug|Any CPU.Build.0 = Debug|Any CPU
		{FDD75D8D-557A-40EF-A3EC-90B3BDFFD1EA}.Release|Any CPU.ActiveCfg = Release|Any CPU
		{FDD75D8D-557A-40EF-A3EC-90B3BDFFD1EA}.Release|Any CPU.Build.0 = Release|Any CPU
		{7081C67F-D1DD-4B74-8342-0CE2818BE6DD}.Debug|Any CPU.ActiveCfg = Debug|Any CPU
		{7081C67F-D1DD-4B74-8342-0CE2818BE6DD}.Debug|Any CPU.Build.0 = Debug|Any CPU
		{7081C67F-D1DD-4B74-8342-0CE2818BE6DD}.Release|Any CPU.ActiveCfg = Release|Any CPU
		{7081C67F-D1DD-4B74-8342-0CE2818BE6DD}.Release|Any CPU.Build.0 = Release|Any CPU
		{0195A765-9532-4053-BC3B-0312C2DA3B06}.Debug|Any CPU.ActiveCfg = Debug|Any CPU
		{0195A765-9532-4053-BC3B-0312C2DA3B06}.Debug|Any CPU.Build.0 = Debug|Any CPU
		{0195A765-9532-4053-BC3B-0312C2DA3B06}.Release|Any CPU.ActiveCfg = Release|Any CPU
		{0195A765-9532-4053-BC3B-0312C2DA3B06}.Release|Any CPU.Build.0 = Release|Any CPU
		{98E6FAAF-C9FF-43A6-BE67-EB9E25B65BA3}.Debug|Any CPU.ActiveCfg = Debug|Any CPU
		{98E6FAAF-C9FF-43A6-BE67-EB9E25B65BA3}.Debug|Any CPU.Build.0 = Debug|Any CPU
		{98E6FAAF-C9FF-43A6-BE67-EB9E25B65BA3}.Release|Any CPU.ActiveCfg = Release|Any CPU
		{98E6FAAF-C9FF-43A6-BE67-EB9E25B65BA3}.Release|Any CPU.Build.0 = Release|Any CPU
		{64994A7E-280B-4FD7-82D9-71434CB1EEA0}.Debug|Any CPU.ActiveCfg = Debug|Any CPU
		{64994A7E-280B-4FD7-82D9-71434CB1EEA0}.Debug|Any CPU.Build.0 = Debug|Any CPU
		{64994A7E-280B-4FD7-82D9-71434CB1EEA0}.Release|Any CPU.ActiveCfg = Release|Any CPU
		{64994A7E-280B-4FD7-82D9-71434CB1EEA0}.Release|Any CPU.Build.0 = Release|Any CPU
		{9993BB80-2201-474C-965A-F84051CE678D}.Debug|Any CPU.ActiveCfg = Debug|Any CPU
		{9993BB80-2201-474C-965A-F84051CE678D}.Debug|Any CPU.Build.0 = Debug|Any CPU
		{9993BB80-2201-474C-965A-F84051CE678D}.Release|Any CPU.ActiveCfg = Release|Any CPU
		{9993BB80-2201-474C-965A-F84051CE678D}.Release|Any CPU.Build.0 = Release|Any CPU
		{95AB44BC-02B2-469B-BA05-BAE1656042BE}.Debug|Any CPU.ActiveCfg = Debug|Any CPU
		{95AB44BC-02B2-469B-BA05-BAE1656042BE}.Debug|Any CPU.Build.0 = Debug|Any CPU
		{95AB44BC-02B2-469B-BA05-BAE1656042BE}.Release|Any CPU.ActiveCfg = Release|Any CPU
		{95AB44BC-02B2-469B-BA05-BAE1656042BE}.Release|Any CPU.Build.0 = Release|Any CPU
		{533B346C-3211-4D37-90CB-4C9F55DD9B2E}.Debug|Any CPU.ActiveCfg = Debug|Any CPU
		{533B346C-3211-4D37-90CB-4C9F55DD9B2E}.Debug|Any CPU.Build.0 = Debug|Any CPU
		{533B346C-3211-4D37-90CB-4C9F55DD9B2E}.Release|Any CPU.ActiveCfg = Release|Any CPU
		{533B346C-3211-4D37-90CB-4C9F55DD9B2E}.Release|Any CPU.Build.0 = Release|Any CPU
		{9C3127DB-092C-4B15-A0CC-013C16A3D02D}.Debug|Any CPU.ActiveCfg = Debug|Any CPU
		{9C3127DB-092C-4B15-A0CC-013C16A3D02D}.Debug|Any CPU.Build.0 = Debug|Any CPU
		{9C3127DB-092C-4B15-A0CC-013C16A3D02D}.Release|Any CPU.ActiveCfg = Release|Any CPU
		{9C3127DB-092C-4B15-A0CC-013C16A3D02D}.Release|Any CPU.Build.0 = Release|Any CPU
		{42778063-003C-4CE7-A3F6-5160CC3DA2F9}.Debug|Any CPU.ActiveCfg = Debug|Any CPU
		{42778063-003C-4CE7-A3F6-5160CC3DA2F9}.Debug|Any CPU.Build.0 = Debug|Any CPU
		{42778063-003C-4CE7-A3F6-5160CC3DA2F9}.Release|Any CPU.ActiveCfg = Release|Any CPU
		{42778063-003C-4CE7-A3F6-5160CC3DA2F9}.Release|Any CPU.Build.0 = Release|Any CPU
		{400C5DEC-D0D8-4CE1-B54F-57434D69D11E}.Debug|Any CPU.ActiveCfg = Debug|Any CPU
		{400C5DEC-D0D8-4CE1-B54F-57434D69D11E}.Debug|Any CPU.Build.0 = Debug|Any CPU
		{400C5DEC-D0D8-4CE1-B54F-57434D69D11E}.Release|Any CPU.ActiveCfg = Release|Any CPU
		{400C5DEC-D0D8-4CE1-B54F-57434D69D11E}.Release|Any CPU.Build.0 = Release|Any CPU
		{A9E86051-8FDB-40A1-B3BE-219A05D38871}.Debug|Any CPU.ActiveCfg = Debug|Any CPU
		{A9E86051-8FDB-40A1-B3BE-219A05D38871}.Debug|Any CPU.Build.0 = Debug|Any CPU
		{A9E86051-8FDB-40A1-B3BE-219A05D38871}.Release|Any CPU.ActiveCfg = Release|Any CPU
		{A9E86051-8FDB-40A1-B3BE-219A05D38871}.Release|Any CPU.Build.0 = Release|Any CPU
		{AA38FB66-63C3-41AF-952C-5FF9A75498D6}.Debug|Any CPU.ActiveCfg = Debug|Any CPU
		{AA38FB66-63C3-41AF-952C-5FF9A75498D6}.Debug|Any CPU.Build.0 = Debug|Any CPU
		{AA38FB66-63C3-41AF-952C-5FF9A75498D6}.Release|Any CPU.ActiveCfg = Release|Any CPU
		{AA38FB66-63C3-41AF-952C-5FF9A75498D6}.Release|Any CPU.Build.0 = Release|Any CPU
		{AB08D119-6BE0-4134-95B9-5F8853B5A56D}.Debug|Any CPU.ActiveCfg = Debug|Any CPU
		{AB08D119-6BE0-4134-95B9-5F8853B5A56D}.Debug|Any CPU.Build.0 = Debug|Any CPU
		{AB08D119-6BE0-4134-95B9-5F8853B5A56D}.Release|Any CPU.ActiveCfg = Release|Any CPU
		{AB08D119-6BE0-4134-95B9-5F8853B5A56D}.Release|Any CPU.Build.0 = Release|Any CPU
		{6DC61777-77A8-4404-9747-699D8795F1C2}.Debug|Any CPU.ActiveCfg = Debug|Any CPU
		{6DC61777-77A8-4404-9747-699D8795F1C2}.Debug|Any CPU.Build.0 = Debug|Any CPU
		{6DC61777-77A8-4404-9747-699D8795F1C2}.Release|Any CPU.ActiveCfg = Release|Any CPU
		{6DC61777-77A8-4404-9747-699D8795F1C2}.Release|Any CPU.Build.0 = Release|Any CPU
		{8735BA0D-1F03-4E15-9EA1-F1AC261C939B}.Debug|Any CPU.ActiveCfg = Debug|Any CPU
		{8735BA0D-1F03-4E15-9EA1-F1AC261C939B}.Debug|Any CPU.Build.0 = Debug|Any CPU
		{8735BA0D-1F03-4E15-9EA1-F1AC261C939B}.Release|Any CPU.ActiveCfg = Release|Any CPU
		{8735BA0D-1F03-4E15-9EA1-F1AC261C939B}.Release|Any CPU.Build.0 = Release|Any CPU
		{60550A8D-CDBA-498F-AD6D-E9EB97793344}.Debug|Any CPU.ActiveCfg = Debug|Any CPU
		{60550A8D-CDBA-498F-AD6D-E9EB97793344}.Debug|Any CPU.Build.0 = Debug|Any CPU
		{60550A8D-CDBA-498F-AD6D-E9EB97793344}.Release|Any CPU.ActiveCfg = Release|Any CPU
		{60550A8D-CDBA-498F-AD6D-E9EB97793344}.Release|Any CPU.Build.0 = Release|Any CPU
		{4CE59707-0F5A-4053-9632-FDE14130F820}.Debug|Any CPU.ActiveCfg = Debug|Any CPU
		{4CE59707-0F5A-4053-9632-FDE14130F820}.Debug|Any CPU.Build.0 = Debug|Any CPU
		{4CE59707-0F5A-4053-9632-FDE14130F820}.Release|Any CPU.ActiveCfg = Release|Any CPU
		{4CE59707-0F5A-4053-9632-FDE14130F820}.Release|Any CPU.Build.0 = Release|Any CPU
	EndGlobalSection
	GlobalSection(SolutionProperties) = preSolution
		HideSolutionNode = FALSE
	EndGlobalSection
	GlobalSection(NestedProjects) = preSolution
		{796A32DD-E49B-4B2A-B4DF-02DAB5A04442} = {6693235B-20BB-4164-9A79-67A566A14DCA}
		{3D246565-5C99-48C4-8768-DB8B2396D3D1} = {6693235B-20BB-4164-9A79-67A566A14DCA}
		{A9666437-6851-4C7D-8A50-CB5603DBCA30} = {6693235B-20BB-4164-9A79-67A566A14DCA}
		{FDD75D8D-557A-40EF-A3EC-90B3BDFFD1EA} = {FB415281-2739-4F95-91F9-AC1258A0D03F}
		{7081C67F-D1DD-4B74-8342-0CE2818BE6DD} = {FB415281-2739-4F95-91F9-AC1258A0D03F}
		{0195A765-9532-4053-BC3B-0312C2DA3B06} = {FB415281-2739-4F95-91F9-AC1258A0D03F}
		{98E6FAAF-C9FF-43A6-BE67-EB9E25B65BA3} = {29B5D664-F832-47A9-8282-EC5A244D18FB}
		{64994A7E-280B-4FD7-82D9-71434CB1EEA0} = {29B5D664-F832-47A9-8282-EC5A244D18FB}
		{9993BB80-2201-474C-965A-F84051CE678D} = {29B5D664-F832-47A9-8282-EC5A244D18FB}
		{95AB44BC-02B2-469B-BA05-BAE1656042BE} = {86BAFE4E-0A11-43B7-A98B-7C669EC5D176}
		{533B346C-3211-4D37-90CB-4C9F55DD9B2E} = {86BAFE4E-0A11-43B7-A98B-7C669EC5D176}
		{9C3127DB-092C-4B15-A0CC-013C16A3D02D} = {86BAFE4E-0A11-43B7-A98B-7C669EC5D176}
		{42778063-003C-4CE7-A3F6-5160CC3DA2F9} = {DEF6B247-C5A0-49ED-9BE9-F1CFA24B576A}
		{400C5DEC-D0D8-4CE1-B54F-57434D69D11E} = {DEF6B247-C5A0-49ED-9BE9-F1CFA24B576A}
		{A9E86051-8FDB-40A1-B3BE-219A05D38871} = {DEF6B247-C5A0-49ED-9BE9-F1CFA24B576A}
		{AA38FB66-63C3-41AF-952C-5FF9A75498D6} = {81E0E4B0-31C6-4AE6-B248-EC4CA043BACD}
		{AB08D119-6BE0-4134-95B9-5F8853B5A56D} = {81E0E4B0-31C6-4AE6-B248-EC4CA043BACD}
		{6DC61777-77A8-4404-9747-699D8795F1C2} = {81E0E4B0-31C6-4AE6-B248-EC4CA043BACD}
		{8735BA0D-1F03-4E15-9EA1-F1AC261C939B} = {A1CE7262-00A3-4EAC-9E79-674EB4547220}
		{60550A8D-CDBA-498F-AD6D-E9EB97793344} = {A1CE7262-00A3-4EAC-9E79-674EB4547220}
		{4CE59707-0F5A-4053-9632-FDE14130F820} = {A1CE7262-00A3-4EAC-9E79-674EB4547220}
	EndGlobalSection
	GlobalSection(ExtensibilityGlobals) = postSolution
		SolutionGuid = {B0E2BB61-AFA6-4C23-A59A-CF54971EEC21}
	EndGlobalSection
EndGlobal
