
Microsoft Visual Studio Solution File, Format Version 12.00
# Visual Studio Version 16
VisualStudioVersion = 16.0.33927.289
MinimumVisualStudioVersion = 10.0.40219.1
Project("{2150E333-8FDC-42A3-9474-1A3956D46DE8}") = "Task0", "Task0", "{6693235B-20BB-4164-9A79-67A566A14DCA}"
EndProject
Project("{FAE04EC0-301F-11D3-BF4B-00C04F79EFBC}") = "Tyuiu.TolmachevVV.Sprint3.Task0.V1", "Tyuiu.TolmachevVV.Sprint3.Task0.V1\Tyuiu.TolmachevVV.Sprint3.Task0.V1.csproj", "{796A32DD-E49B-4B2A-B4DF-02DAB5A04442}"
EndProject
Project("{FAE04EC0-301F-11D3-BF4B-00C04F79EFBC}") = "Tyuiu.TolmachevVV.Sprint3.Task0.V1.Lib", "Tyuiu.TolmachevVV.Sprint3.Task0.V1.Lib\Tyuiu.TolmachevVV.Sprint3.Task0.V1.Lib.csproj", "{3D246565-5C99-48C4-8768-DB8B2396D3D1}"
EndProject
Project("{FAE04EC0-301F-11D3-BF4B-00C04F79EFBC}") = "Tyuiu.TolmachevVV.Sprint3.Task0.V1.Test", "Tyuiu.TolmachevVV.Sprint3.Task0.V1.Test\Tyuiu.TolmachevVV.Sprint3.Task0.V1.Test.csproj", "{A9666437-6851-4C7D-8A50-CB5603DBCA30}"
EndProject
Project("{2150E333-8FDC-42A3-9474-1A3956D46DE8}") = "Task1", "Task1", "{FB415281-2739-4F95-91F9-AC1258A0D03F}"
EndProject
Project("{FAE04EC0-301F-11D3-BF4B-00C04F79EFBC}") = "Tyuiu.TolmachevVV.Sprint3.Task1.V11", "Tyuiu.TolmachevVV.Sprint3.Task1.V11\Tyuiu.TolmachevVV.Sprint3.Task1.V11.csproj", "{FDD75D8D-557A-40EF-A3EC-90B3BDFFD1EA}"
EndProject
Project("{FAE04EC0-301F-11D3-BF4B-00C04F79EFBC}") = "Tyuiu.TolmachevVV.Sprint3.Task1.V11.Lib", "Tyuiu.TolmachevVV.Sprint3.Task1.V11.Lib\Tyuiu.TolmachevVV.Sprint3.Task1.V11.Lib.csproj", "{7081C67F-D1DD-4B74-8342-0CE2818BE6DD}"
EndProject
Project("{FAE04EC0-301F-11D3-BF4B-00C04F79EFBC}") = "Tyuiu.TolmachevVV.Sprint3.Task1.V11.Test", "Tyuiu.TolmachevVV.Sprint3.Task1.V11.Test\Tyuiu.TolmachevVV.Sprint3.Task1.V11.Test.csproj", "{0195A765-9532-4053-BC3B-0312C2DA3B06}"
EndProject
Global
	GlobalSection(SolutionConfigurationPlatforms) = preSolution
		Debug|Any CPU = Debug|Any CPU
		Release|Any CPU = Release|Any CPU
	EndGlobalSection
	GlobalSection(ProjectConfigurationPlatforms) = postSolution
		{796A32DD-E49B-4B2A-B4DF-02DAB5A04442}.Debug|Any CPU.ActiveCfg = Debug|Any CPU
		{796A32DD-E49B-4B2A-B4DF-02DAB5A04442}.Debug|Any CPU.Build.0 = Debug|Any CPU
		{796A32DD-E49B-4B2A-B4DF-02DAB5A04442}.Release|Any CPU.ActiveCfg = Release|Any CPU
		{796A32DD-E49B-4B2A-B4DF-02DAB5A04442}.Release|Any CPU.Build.0 = Release|Any CPU
		{3D246565-5C99-48C4-8768-DB8B2396D3D1}.Debug|Any CPU.ActiveCfg = Debug|Any CPU
		{3D246565-5C99-48C4-8768-DB8B2396D3D1}.Debug|Any CPU.Build.0 = Debug|Any CPU
		{3D246565-5C99-48C4-8768-DB8B2396D3D1}.Release|Any CPU.ActiveCfg = Release|Any CPU
		{3D246565-5C99-48C4-8768-DB8B2396D3D1}.Release|Any CPU.Build.0 = Release|Any CPU
		{A9666437-6851-4C7D-8A50-CB5603DBCA30}.Debug|Any CPU.ActiveCfg = Debug|Any CPU
		{A9666437-6851-4C7D-8A50-CB5603DBCA30}.Debug|Any CPU.Build.0 = Debug|Any CPU
		{A9666437-6851-4C7D-8A50-CB5603DBCA30}.Release|Any CPU.ActiveCfg = Release|Any CPU
		{A9666437-6851-4C7D-8A50-CB5603DBCA30}.Release|Any CPU.Build.0 = Release|Any CPU
		{FDD75D8D-557A-40EF-A3EC-90B3BDFFD1EA}.Debug|Any CPU.ActiveCfg = Debug|Any CPU
		{FDD75D8D-557A-40EF-A3EC-90B3BDFFD1EA}.Debug|Any CPU.Build.0 = Debug|Any CPU
		{FDD75D8D-557A-40EF-A3EC-90B3BDFFD1EA}.Release|Any CPU.ActiveCfg = Release|Any CPU
		{FDD75D8D-557A-40EF-A3EC-90B3BDFFD1EA}.Release|Any CPU.Build.0 = Release|Any CPU
		{7081C67F-D1DD-4B74-8342-0CE2818BE6DD}.Debug|Any CPU.ActiveCfg = Debug|Any CPU
		{7081C67F-D1DD-4B74-8342-0CE2818BE6DD}.Debug|Any CPU.Build.0 = Debug|Any CPU
		{7081C67F-D1DD-4B74-8342-0CE2818BE6DD}.Release|Any CPU.ActiveCfg = Release|Any CPU
		{7081C67F-D1DD-4B74-8342-0CE2818BE6DD}.Release|Any CPU.Build.0 = Release|Any CPU
		{0195A765-9532-4053-BC3B-0312C2DA3B06}.Debug|Any CPU.ActiveCfg = Debug|Any CPU
		{0195A765-9532-4053-BC3B-0312C2DA3B06}.Debug|Any CPU.Build.0 = Debug|Any CPU
		{0195A765-9532-4053-BC3B-0312C2DA3B06}.Release|Any CPU.ActiveCfg = Release|Any CPU
		{0195A765-9532-4053-BC3B-0312C2DA3B06}.Release|Any CPU.Build.0 = Release|Any CPU
	EndGlobalSection
	GlobalSection(SolutionProperties) = preSolution
		HideSolutionNode = FALSE
	EndGlobalSection
	GlobalSection(NestedProjects) = preSolution
		{796A32DD-E49B-4B2A-B4DF-02DAB5A04442} = {6693235B-20BB-4164-9A79-67A566A14DCA}
		{3D246565-5C99-48C4-8768-DB8B2396D3D1} = {6693235B-20BB-4164-9A79-67A566A14DCA}
		{A9666437-6851-4C7D-8A50-CB5603DBCA30} = {6693235B-20BB-4164-9A79-67A566A14DCA}
		{FDD75D8D-557A-40EF-A3EC-90B3BDFFD1EA} = {FB415281-2739-4F95-91F9-AC1258A0D03F}
		{7081C67F-D1DD-4B74-8342-0CE2818BE6DD} = {FB415281-2739-4F95-91F9-AC1258A0D03F}
		{0195A765-9532-4053-BC3B-0312C2DA3B06} = {FB415281-2739-4F95-91F9-AC1258A0D03F}
	EndGlobalSection
	GlobalSection(ExtensibilityGlobals) = postSolution
		SolutionGuid = {B0E2BB61-AFA6-4C23-A59A-CF54971EEC21}
	EndGlobalSection
EndGlobal
